// !$*UTF8*$!
{
	archiveVersion = 1;
	classes = {
	};
	objectVersion = 56;
	objects = {

/* Begin PBXBuildFile section */
		B42A352F2C7DF4DE000D800A /* AppDelegate.swift in Sources */ = {isa = PBXBuildFile; fileRef = B42A352E2C7DF4DE000D800A /* AppDelegate.swift */; };
		B42A35312C7DF4DE000D800A /* SceneDelegate.swift in Sources */ = {isa = PBXBuildFile; fileRef = B42A35302C7DF4DE000D800A /* SceneDelegate.swift */; };
		B42A35332C7DF4DE000D800A /* MainViewController.swift in Sources */ = {isa = PBXBuildFile; fileRef = B42A35322C7DF4DE000D800A /* MainViewController.swift */; };
		B42A35382C7DF4E0000D800A /* Assets.xcassets in Resources */ = {isa = PBXBuildFile; fileRef = B42A35372C7DF4E0000D800A /* Assets.xcassets */; };
		B42A353B2C7DF4E0000D800A /* LaunchScreen.storyboard in Resources */ = {isa = PBXBuildFile; fileRef = B42A35392C7DF4E0000D800A /* LaunchScreen.storyboard */; };
		B42A35492C7DF72B000D800A /* View + Extensions.swift in Sources */ = {isa = PBXBuildFile; fileRef = B42A35482C7DF72A000D800A /* View + Extensions.swift */; };
		B42A354D2C7DF901000D800A /* SnapKit in Frameworks */ = {isa = PBXBuildFile; productRef = B42A354C2C7DF901000D800A /* SnapKit */; };
/* End PBXBuildFile section */

/* Begin PBXFileReference section */
		B42A352B2C7DF4DE000D800A /* VDVZ-testApp.app */ = {isa = PBXFileReference; explicitFileType = wrapper.application; includeInIndex = 0; path = "VDVZ-testApp.app"; sourceTree = BUILT_PRODUCTS_DIR; };
		B42A352E2C7DF4DE000D800A /* AppDelegate.swift */ = {isa = PBXFileReference; lastKnownFileType = sourcecode.swift; path = AppDelegate.swift; sourceTree = "<group>"; };
		B42A35302C7DF4DE000D800A /* SceneDelegate.swift */ = {isa = PBXFileReference; lastKnownFileType = sourcecode.swift; path = SceneDelegate.swift; sourceTree = "<group>"; };
		B42A35322C7DF4DE000D800A /* MainViewController.swift */ = {isa = PBXFileReference; lastKnownFileType = sourcecode.swift; path = MainViewController.swift; sourceTree = "<group>"; };
		B42A35372C7DF4E0000D800A /* Assets.xcassets */ = {isa = PBXFileReference; lastKnownFileType = folder.assetcatalog; path = Assets.xcassets; sourceTree = "<group>"; };
		B42A353A2C7DF4E0000D800A /* Base */ = {isa = PBXFileReference; lastKnownFileType = file.storyboard; name = Base; path = Base.lproj/LaunchScreen.storyboard; sourceTree = "<group>"; };
		B42A353C2C7DF4E0000D800A /* Info.plist */ = {isa = PBXFileReference; lastKnownFileType = text.plist.xml; path = Info.plist; sourceTree = "<group>"; };
		B42A35482C7DF72A000D800A /* View + Extensions.swift */ = {isa = PBXFileReference; lastKnownFileType = sourcecode.swift; path = "View + Extensions.swift"; sourceTree = "<group>"; };
/* End PBXFileReference section */

/* Begin PBXFrameworksBuildPhase section */
		B42A35282C7DF4DE000D800A /* Frameworks */ = {
			isa = PBXFrameworksBuildPhase;
			buildActionMask = 2147483647;
			files = (
				B42A354D2C7DF901000D800A /* SnapKit in Frameworks */,
			);
			runOnlyForDeploymentPostprocessing = 0;
		};
/* End PBXFrameworksBuildPhase section */

/* Begin PBXGroup section */
		B42A35222C7DF4DD000D800A = {
			isa = PBXGroup;
			children = (
				B42A352D2C7DF4DE000D800A /* VDVZ-testApp */,
				B42A352C2C7DF4DE000D800A /* Products */,
			);
			sourceTree = "<group>";
		};
		B42A352C2C7DF4DE000D800A /* Products */ = {
			isa = PBXGroup;
			children = (
				B42A352B2C7DF4DE000D800A /* VDVZ-testApp.app */,
			);
			name = Products;
			sourceTree = "<group>";
		};
		B42A352D2C7DF4DE000D800A /* VDVZ-testApp */ = {
			isa = PBXGroup;
			children = (
				B42A35462C7DF6E2000D800A /* Sourses */,
				B42A35442C7DF668000D800A /* Resourses */,
				B42A354A2C7DF793000D800A /* Storyboards */,
			);
			path = "VDVZ-testApp";
			sourceTree = "<group>";
		};
		B42A35422C7DF64D000D800A /* App */ = {
			isa = PBXGroup;
			children = (
				B42A352E2C7DF4DE000D800A /* AppDelegate.swift */,
				B42A35302C7DF4DE000D800A /* SceneDelegate.swift */,
			);
			path = App;
			sourceTree = "<group>";
		};
		B42A35432C7DF653000D800A /* ViewControllers */ = {
			isa = PBXGroup;
			children = (
				B42A35322C7DF4DE000D800A /* MainViewController.swift */,
			);
			name = ViewControllers;
			path = ..;
			sourceTree = "<group>";
		};
		B42A35442C7DF668000D800A /* Resourses */ = {
			isa = PBXGroup;
			children = (
				B42A35372C7DF4E0000D800A /* Assets.xcassets */,
				B42A35452C7DF687000D800A /* Configuration */,
			);
			path = Resourses;
			sourceTree = "<group>";
		};
		B42A35452C7DF687000D800A /* Configuration */ = {
			isa = PBXGroup;
			children = (
				B42A353C2C7DF4E0000D800A /* Info.plist */,
			);
			path = Configuration;
			sourceTree = "<group>";
		};
		B42A35462C7DF6E2000D800A /* Sourses */ = {
			isa = PBXGroup;
			children = (
				B42A35422C7DF64D000D800A /* App */,
				B42A35432C7DF653000D800A /* ViewControllers */,
				B42A35472C7DF6E9000D800A /* Extensions */,
			);
			path = Sourses;
			sourceTree = "<group>";
		};
		B42A35472C7DF6E9000D800A /* Extensions */ = {
			isa = PBXGroup;
			children = (
				B42A35482C7DF72A000D800A /* View + Extensions.swift */,
			);
			path = Extensions;
			sourceTree = "<group>";
		};
		B42A354A2C7DF793000D800A /* Storyboards */ = {
			isa = PBXGroup;
			children = (
				B42A35392C7DF4E0000D800A /* LaunchScreen.storyboard */,
			);
			path = Storyboards;
			sourceTree = "<group>";
		};
/* End PBXGroup section */

/* Begin PBXNativeTarget section */
		B42A352A2C7DF4DE000D800A /* VDVZ-testApp */ = {
			isa = PBXNativeTarget;
			buildConfigurationList = B42A353F2C7DF4E0000D800A /* Build configuration list for PBXNativeTarget "VDVZ-testApp" */;
			buildPhases = (
				B42A35272C7DF4DE000D800A /* Sources */,
				B42A35282C7DF4DE000D800A /* Frameworks */,
				B42A35292C7DF4DE000D800A /* Resources */,
			);
			buildRules = (
			);
			dependencies = (
			);
			name = "VDVZ-testApp";
			packageProductDependencies = (
				B42A354C2C7DF901000D800A /* SnapKit */,
			);
			productName = "VDVZ-testApp";
			productReference = B42A352B2C7DF4DE000D800A /* VDVZ-testApp.app */;
			productType = "com.apple.product-type.application";
		};
/* End PBXNativeTarget section */

/* Begin PBXProject section */
		B42A35232C7DF4DD000D800A /* Project object */ = {
			isa = PBXProject;
			attributes = {
				BuildIndependentTargetsInParallel = 1;
				LastSwiftUpdateCheck = 1500;
				LastUpgradeCheck = 1500;
				TargetAttributes = {
					B42A352A2C7DF4DE000D800A = {
						CreatedOnToolsVersion = 15.0.1;
					};
				};
			};
			buildConfigurationList = B42A35262C7DF4DD000D800A /* Build configuration list for PBXProject "VDVZ-testApp" */;
			compatibilityVersion = "Xcode 14.0";
			developmentRegion = en;
			hasScannedForEncodings = 0;
			knownRegions = (
				en,
				Base,
			);
			mainGroup = B42A35222C7DF4DD000D800A;
			packageReferences = (
				B42A354B2C7DF901000D800A /* XCRemoteSwiftPackageReference "SnapKit" */,
			);
			productRefGroup = B42A352C2C7DF4DE000D800A /* Products */;
			projectDirPath = "";
			projectRoot = "";
			targets = (
				B42A352A2C7DF4DE000D800A /* VDVZ-testApp */,
			);
		};
/* End PBXProject section */

/* Begin PBXResourcesBuildPhase section */
		B42A35292C7DF4DE000D800A /* Resources */ = {
			isa = PBXResourcesBuildPhase;
			buildActionMask = 2147483647;
			files = (
				B42A353B2C7DF4E0000D800A /* LaunchScreen.storyboard in Resources */,
				B42A35382C7DF4E0000D800A /* Assets.xcassets in Resources */,
			);
			runOnlyForDeploymentPostprocessing = 0;
		};
/* End PBXResourcesBuildPhase section */

/* Begin PBXSourcesBuildPhase section */
		B42A35272C7DF4DE000D800A /* Sources */ = {
			isa = PBXSourcesBuildPhase;
			buildActionMask = 2147483647;
			files = (
				B42A35492C7DF72B000D800A /* View + Extensions.swift in Sources */,
				B42A35332C7DF4DE000D800A /* MainViewController.swift in Sources */,
				B42A352F2C7DF4DE000D800A /* AppDelegate.swift in Sources */,
				B42A35312C7DF4DE000D800A /* SceneDelegate.swift in Sources */,
			);
			runOnlyForDeploymentPostprocessing = 0;
		};
/* End PBXSourcesBuildPhase section */

/* Begin PBXVariantGroup section */
		B42A35392C7DF4E0000D800A /* LaunchScreen.storyboard */ = {
			isa = PBXVariantGroup;
			children = (
				B42A353A2C7DF4E0000D800A /* Base */,
			);
			name = LaunchScreen.storyboard;
			sourceTree = "<group>";
		};
/* End PBXVariantGroup section */

/* Begin XCBuildConfiguration section */
		B42A353D2C7DF4E0000D800A /* Debug */ = {
			isa = XCBuildConfiguration;
			buildSettings = {
				ALWAYS_SEARCH_USER_PATHS = NO;
				ASSETCATALOG_COMPILER_GENERATE_SWIFT_ASSET_SYMBOL_EXTENSIONS = YES;
				CLANG_ANALYZER_NONNULL = YES;
				CLANG_ANALYZER_NUMBER_OBJECT_CONVERSION = YES_AGGRESSIVE;
				CLANG_CXX_LANGUAGE_STANDARD = "gnu++20";
				CLANG_ENABLE_MODULES = YES;
				CLANG_ENABLE_OBJC_ARC = YES;
				CLANG_ENABLE_OBJC_WEAK = YES;
				CLANG_WARN_BLOCK_CAPTURE_AUTORELEASING = YES;
				CLANG_WARN_BOOL_CONVERSION = YES;
				CLANG_WARN_COMMA = YES;
				CLANG_WARN_CONSTANT_CONVERSION = YES;
				CLANG_WARN_DEPRECATED_OBJC_IMPLEMENTATIONS = YES;
				CLANG_WARN_DIRECT_OBJC_ISA_USAGE = YES_ERROR;
				CLANG_WARN_DOCUMENTATION_COMMENTS = YES;
				CLANG_WARN_EMPTY_BODY = YES;
				CLANG_WARN_ENUM_CONVERSION = YES;
				CLANG_WARN_INFINITE_RECURSION = YES;
				CLANG_WARN_INT_CONVERSION = YES;
				CLANG_WARN_NON_LITERAL_NULL_CONVERSION = YES;
				CLANG_WARN_OBJC_IMPLICIT_RETAIN_SELF = YES;
				CLANG_WARN_OBJC_LITERAL_CONVERSION = YES;
				CLANG_WARN_OBJC_ROOT_CLASS = YES_ERROR;
				CLANG_WARN_QUOTED_INCLUDE_IN_FRAMEWORK_HEADER = YES;
				CLANG_WARN_RANGE_LOOP_ANALYSIS = YES;
				CLANG_WARN_STRICT_PROTOTYPES = YES;
				CLANG_WARN_SUSPICIOUS_MOVE = YES;
				CLANG_WARN_UNGUARDED_AVAILABILITY = YES_AGGRESSIVE;
				CLANG_WARN_UNREACHABLE_CODE = YES;
				CLANG_WARN__DUPLICATE_METHOD_MATCH = YES;
				COPY_PHASE_STRIP = NO;
				DEBUG_INFORMATION_FORMAT = dwarf;
				ENABLE_STRICT_OBJC_MSGSEND = YES;
				ENABLE_TESTABILITY = YES;
				ENABLE_USER_SCRIPT_SANDBOXING = YES;
				GCC_C_LANGUAGE_STANDARD = gnu17;
				GCC_DYNAMIC_NO_PIC = NO;
				GCC_NO_COMMON_BLOCKS = YES;
				GCC_OPTIMIZATION_LEVEL = 0;
				GCC_PREPROCESSOR_DEFINITIONS = (
					"DEBUG=1",
					"$(inherited)",
				);
				GCC_WARN_64_TO_32_BIT_CONVERSION = YES;
				GCC_WARN_ABOUT_RETURN_TYPE = YES_ERROR;
				GCC_WARN_UNDECLARED_SELECTOR = YES;
				GCC_WARN_UNINITIALIZED_AUTOS = YES_AGGRESSIVE;
				GCC_WARN_UNUSED_FUNCTION = YES;
				GCC_WARN_UNUSED_VARIABLE = YES;
				IPHONEOS_DEPLOYMENT_TARGET = 17.0;
				LOCALIZATION_PREFERS_STRING_CATALOGS = YES;
				MTL_ENABLE_DEBUG_INFO = INCLUDE_SOURCE;
				MTL_FAST_MATH = YES;
				ONLY_ACTIVE_ARCH = YES;
				SDKROOT = iphoneos;
				SWIFT_ACTIVE_COMPILATION_CONDITIONS = "DEBUG $(inherited)";
				SWIFT_OPTIMIZATION_LEVEL = "-Onone";
			};
			name = Debug;
		};
		B42A353E2C7DF4E0000D800A /* Release */ = {
			isa = XCBuildConfiguration;
			buildSettings = {
				ALWAYS_SEARCH_USER_PATHS = NO;
				ASSETCATALOG_COMPILER_GENERATE_SWIFT_ASSET_SYMBOL_EXTENSIONS = YES;
				CLANG_ANALYZER_NONNULL = YES;
				CLANG_ANALYZER_NUMBER_OBJECT_CONVERSION = YES_AGGRESSIVE;
				CLANG_CXX_LANGUAGE_STANDARD = "gnu++20";
				CLANG_ENABLE_MODULES = YES;
				CLANG_ENABLE_OBJC_ARC = YES;
				CLANG_ENABLE_OBJC_WEAK = YES;
				CLANG_WARN_BLOCK_CAPTURE_AUTORELEASING = YES;
				CLANG_WARN_BOOL_CONVERSION = YES;
				CLANG_WARN_COMMA = YES;
				CLANG_WARN_CONSTANT_CONVERSION = YES;
				CLANG_WARN_DEPRECATED_OBJC_IMPLEMENTATIONS = YES;
				CLANG_WARN_DIRECT_OBJC_ISA_USAGE = YES_ERROR;
				CLANG_WARN_DOCUMENTATION_COMMENTS = YES;
				CLANG_WARN_EMPTY_BODY = YES;
				CLANG_WARN_ENUM_CONVERSION = YES;
				CLANG_WARN_INFINITE_RECURSION = YES;
				CLANG_WARN_INT_CONVERSION = YES;
				CLANG_WARN_NON_LITERAL_NULL_CONVERSION = YES;
				CLANG_WARN_OBJC_IMPLICIT_RETAIN_SELF = YES;
				CLANG_WARN_OBJC_LITERAL_CONVERSION = YES;
				CLANG_WARN_OBJC_ROOT_CLASS = YES_ERROR;
				CLANG_WARN_QUOTED_INCLUDE_IN_FRAMEWORK_HEADER = YES;
				CLANG_WARN_RANGE_LOOP_ANALYSIS = YES;
				CLANG_WARN_STRICT_PROTOTYPES = YES;
				CLANG_WARN_SUSPICIOUS_MOVE = YES;
				CLANG_WARN_UNGUARDED_AVAILABILITY = YES_AGGRESSIVE;
				CLANG_WARN_UNREACHABLE_CODE = YES;
				CLANG_WARN__DUPLICATE_METHOD_MATCH = YES;
				COPY_PHASE_STRIP = NO;
				DEBUG_INFORMATION_FORMAT = "dwarf-with-dsym";
				ENABLE_NS_ASSERTIONS = NO;
				ENABLE_STRICT_OBJC_MSGSEND = YES;
				ENABLE_USER_SCRIPT_SANDBOXING = YES;
				GCC_C_LANGUAGE_STANDARD = gnu17;
				GCC_NO_COMMON_BLOCKS = YES;
				GCC_WARN_64_TO_32_BIT_CONVERSION = YES;
				GCC_WARN_ABOUT_RETURN_TYPE = YES_ERROR;
				GCC_WARN_UNDECLARED_SELECTOR = YES;
				GCC_WARN_UNINITIALIZED_AUTOS = YES_AGGRESSIVE;
				GCC_WARN_UNUSED_FUNCTION = YES;
				GCC_WARN_UNUSED_VARIABLE = YES;
				IPHONEOS_DEPLOYMENT_TARGET = 17.0;
				LOCALIZATION_PREFERS_STRING_CATALOGS = YES;
				MTL_ENABLE_DEBUG_INFO = NO;
				MTL_FAST_MATH = YES;
				SDKROOT = iphoneos;
				SWIFT_COMPILATION_MODE = wholemodule;
				VALIDATE_PRODUCT = YES;
			};
			name = Release;
		};
		B42A35402C7DF4E0000D800A /* Debug */ = {
			isa = XCBuildConfiguration;
			buildSettings = {
				ASSETCATALOG_COMPILER_APPICON_NAME = AppIcon;
				ASSETCATALOG_COMPILER_GLOBAL_ACCENT_COLOR_NAME = AccentColor;
				CODE_SIGN_STYLE = Automatic;
				CURRENT_PROJECT_VERSION = 1;
				DEVELOPMENT_TEAM = 942JVQXP5N;
				GENERATE_INFOPLIST_FILE = YES;
				INFOPLIST_FILE = "VDVZ-testApp/Resourses/Configuration/Info.plist";
				INFOPLIST_KEY_UIApplicationSupportsIndirectInputEvents = YES;
				INFOPLIST_KEY_UILaunchStoryboardName = LaunchScreen;
				INFOPLIST_KEY_UISupportedInterfaceOrientations_iPad = "UIInterfaceOrientationPortrait UIInterfaceOrientationPortraitUpsideDown UIInterfaceOrientationLandscapeLeft UIInterfaceOrientationLandscapeRight";
				INFOPLIST_KEY_UISupportedInterfaceOrientations_iPhone = "UIInterfaceOrientationPortrait UIInterfaceOrientationLandscapeLeft UIInterfaceOrientationLandscapeRight";
				LD_RUNPATH_SEARCH_PATHS = (
					"$(inherited)",
					"@executable_path/Frameworks",
				);
				MARKETING_VERSION = 1.0;
				PRODUCT_BUNDLE_IDENTIFIER = "com.dar.VDVZ-testApp";
				PRODUCT_NAME = "$(TARGET_NAME)";
				SUPPORTED_PLATFORMS = "iphoneos iphonesimulator";
				SUPPORTS_MACCATALYST = NO;
				SUPPORTS_MAC_DESIGNED_FOR_IPHONE_IPAD = NO;
				SWIFT_EMIT_LOC_STRINGS = YES;
				SWIFT_VERSION = 5.0;
				TARGETED_DEVICE_FAMILY = 1;
			};
			name = Debug;
		};
		B42A35412C7DF4E0000D800A /* Release */ = {
			isa = XCBuildConfiguration;
			buildSettings = {
				ASSETCATALOG_COMPILER_APPICON_NAME = AppIcon;
				ASSETCATALOG_COMPILER_GLOBAL_ACCENT_COLOR_NAME = AccentColor;
				CODE_SIGN_STYLE = Automatic;
				CURRENT_PROJECT_VERSION = 1;
				DEVELOPMENT_TEAM = 942JVQXP5N;
				GENERATE_INFOPLIST_FILE = YES;
				INFOPLIST_FILE = "VDVZ-testApp/Resourses/Configuration/Info.plist";
				INFOPLIST_KEY_UIApplicationSupportsIndirectInputEvents = YES;
				INFOPLIST_KEY_UILaunchStoryboardName = LaunchScreen;
				INFOPLIST_KEY_UISupportedInterfaceOrientations_iPad = "UIInterfaceOrientationPortrait UIInterfaceOrientationPortraitUpsideDown UIInterfaceOrientationLandscapeLeft UIInterfaceOrientationLandscapeRight";
				INFOPLIST_KEY_UISupportedInterfaceOrientations_iPhone = "UIInterfaceOrientationPortrait UIInterfaceOrientationLandscapeLeft UIInterfaceOrientationLandscapeRight";
				LD_RUNPATH_SEARCH_PATHS = (
					"$(inherited)",
					"@executable_path/Frameworks",
				);
				MARKETING_VERSION = 1.0;
				PRODUCT_BUNDLE_IDENTIFIER = "com.dar.VDVZ-testApp";
				PRODUCT_NAME = "$(TARGET_NAME)";
				SUPPORTED_PLATFORMS = "iphoneos iphonesimulator";
				SUPPORTS_MACCATALYST = NO;
				SUPPORTS_MAC_DESIGNED_FOR_IPHONE_IPAD = NO;
				SWIFT_EMIT_LOC_STRINGS = YES;
				SWIFT_VERSION = 5.0;
				TARGETED_DEVICE_FAMILY = 1;
			};
			name = Release;
		};
/* End XCBuildConfiguration section */

/* Begin XCConfigurationList section */
		B42A35262C7DF4DD000D800A /* Build configuration list for PBXProject "VDVZ-testApp" */ = {
			isa = XCConfigurationList;
			buildConfigurations = (
				B42A353D2C7DF4E0000D800A /* Debug */,
				B42A353E2C7DF4E0000D800A /* Release */,
			);
			defaultConfigurationIsVisible = 0;
			defaultConfigurationName = Release;
		};
		B42A353F2C7DF4E0000D800A /* Build configuration list for PBXNativeTarget "VDVZ-testApp" */ = {
			isa = XCConfigurationList;
			buildConfigurations = (
				B42A35402C7DF4E0000D800A /* Debug */,
				B42A35412C7DF4E0000D800A /* Release */,
			);
			defaultConfigurationIsVisible = 0;
			defaultConfigurationName = Release;
		};
/* End XCConfigurationList section */

/* Begin XCRemoteSwiftPackageReference section */
		B42A354B2C7DF901000D800A /* XCRemoteSwiftPackageReference "SnapKit" */ = {
			isa = XCRemoteSwiftPackageReference;
			repositoryURL = "https://github.com/SnapKit/SnapKit.git";
			requirement = {
				kind = upToNextMajorVersion;
				minimumVersion = 5.7.1;
			};
		};
/* End XCRemoteSwiftPackageReference section */

/* Begin XCSwiftPackageProductDependency section */
		B42A354C2C7DF901000D800A /* SnapKit */ = {
			isa = XCSwiftPackageProductDependency;
			package = B42A354B2C7DF901000D800A /* XCRemoteSwiftPackageReference "SnapKit" */;
			productName = SnapKit;
		};
/* End XCSwiftPackageProductDependency section */
	};
	rootObject = B42A35232C7DF4DD000D800A /* Project object */;
}
